// !$*UTF8*$!
{
	archiveVersion = 1;
	classes = {
	};
	objectVersion = 46;
	objects = {

/* Begin PBXBuildFile section */
		044DE4991D2DE19300968E90 /* Assets.xcassets in Resources */ = {isa = PBXBuildFile; fileRef = 044DE4981D2DE19300968E90 /* Assets.xcassets */; };
		044DE49C1D2DE1B400968E90 /* DataModel.swift in Sources */ = {isa = PBXBuildFile; fileRef = 044DE49A1D2DE1B400968E90 /* DataModel.swift */; };
		044DE49D1D2DE1B400968E90 /* DeviceTarget.swift in Sources */ = {isa = PBXBuildFile; fileRef = 044DE49B1D2DE1B400968E90 /* DeviceTarget.swift */; };
		044DE49F1D2DE1BB00968E90 /* OnboardingViewController.swift in Sources */ = {isa = PBXBuildFile; fileRef = 044DE49E1D2DE1BB00968E90 /* OnboardingViewController.swift */; };
		044DE4A81D2DE21F00968E90 /* OnboardingConfiguration.swift in Sources */ = {isa = PBXBuildFile; fileRef = 044DE4A11D2DE21F00968E90 /* OnboardingConfiguration.swift */; };
		044DE4A91D2DE21F00968E90 /* OnboardingView.swift in Sources */ = {isa = PBXBuildFile; fileRef = 044DE4A21D2DE21F00968E90 /* OnboardingView.swift */; };
		044DE4AA1D2DE21F00968E90 /* OnboardingViewDataSource.swift in Sources */ = {isa = PBXBuildFile; fileRef = 044DE4A31D2DE21F00968E90 /* OnboardingViewDataSource.swift */; };
		044DE4AB1D2DE21F00968E90 /* OnboardingViewDelegate.swift in Sources */ = {isa = PBXBuildFile; fileRef = 044DE4A41D2DE21F00968E90 /* OnboardingViewDelegate.swift */; };
		044DE4AC1D2DE21F00968E90 /* PageControlView.swift in Sources */ = {isa = PBXBuildFile; fileRef = 044DE4A51D2DE21F00968E90 /* PageControlView.swift */; };
		044DE4AD1D2DE21F00968E90 /* PageItemView.swift in Sources */ = {isa = PBXBuildFile; fileRef = 044DE4A61D2DE21F00968E90 /* PageItemView.swift */; };
		044DE4AE1D2DE21F00968E90 /* PageView.swift in Sources */ = {isa = PBXBuildFile; fileRef = 044DE4A71D2DE21F00968E90 /* PageView.swift */; };
		044DE4B21D2DE25500968E90 /* CGRect.swift in Sources */ = {isa = PBXBuildFile; fileRef = 044DE4B11D2DE25500968E90 /* CGRect.swift */; };
		04ED1B521D2DE0850027C2E0 /* AppDelegate.swift in Sources */ = {isa = PBXBuildFile; fileRef = 04ED1B511D2DE0850027C2E0 /* AppDelegate.swift */; };
		04ED1B571D2DE0850027C2E0 /* Main.storyboard in Resources */ = {isa = PBXBuildFile; fileRef = 04ED1B551D2DE0850027C2E0 /* Main.storyboard */; };
		04ED1B5C1D2DE0850027C2E0 /* LaunchScreen.storyboard in Resources */ = {isa = PBXBuildFile; fileRef = 04ED1B5A1D2DE0850027C2E0 /* LaunchScreen.storyboard */; };
		04ED1B671D2DE0860027C2E0 /* Athlee_OnboardingTests.swift in Sources */ = {isa = PBXBuildFile; fileRef = 04ED1B661D2DE0850027C2E0 /* Athlee_OnboardingTests.swift */; };
/* End PBXBuildFile section */

/* Begin PBXContainerItemProxy section */
		04ED1B631D2DE0850027C2E0 /* PBXContainerItemProxy */ = {
			isa = PBXContainerItemProxy;
			containerPortal = 04ED1B461D2DE0850027C2E0 /* Project object */;
			proxyType = 1;
			remoteGlobalIDString = 04ED1B4D1D2DE0850027C2E0;
			remoteInfo = "Athlee-Onboarding";
		};
/* End PBXContainerItemProxy section */

/* Begin PBXFileReference section */
		044DE4981D2DE19300968E90 /* Assets.xcassets */ = {isa = PBXFileReference; lastKnownFileType = folder.assetcatalog; path = Assets.xcassets; sourceTree = "<group>"; };
		044DE49A1D2DE1B400968E90 /* DataModel.swift */ = {isa = PBXFileReference; fileEncoding = 4; lastKnownFileType = sourcecode.swift; path = DataModel.swift; sourceTree = "<group>"; };
		044DE49B1D2DE1B400968E90 /* DeviceTarget.swift */ = {isa = PBXFileReference; fileEncoding = 4; lastKnownFileType = sourcecode.swift; path = DeviceTarget.swift; sourceTree = "<group>"; };
		044DE49E1D2DE1BB00968E90 /* OnboardingViewController.swift */ = {isa = PBXFileReference; fileEncoding = 4; lastKnownFileType = sourcecode.swift; path = OnboardingViewController.swift; sourceTree = "<group>"; };
		044DE4A11D2DE21F00968E90 /* OnboardingConfiguration.swift */ = {isa = PBXFileReference; fileEncoding = 4; lastKnownFileType = sourcecode.swift; path = OnboardingConfiguration.swift; sourceTree = "<group>"; };
		044DE4A21D2DE21F00968E90 /* OnboardingView.swift */ = {isa = PBXFileReference; fileEncoding = 4; lastKnownFileType = sourcecode.swift; path = OnboardingView.swift; sourceTree = "<group>"; };
		044DE4A31D2DE21F00968E90 /* OnboardingViewDataSource.swift */ = {isa = PBXFileReference; fileEncoding = 4; lastKnownFileType = sourcecode.swift; path = OnboardingViewDataSource.swift; sourceTree = "<group>"; };
		044DE4A41D2DE21F00968E90 /* OnboardingViewDelegate.swift */ = {isa = PBXFileReference; fileEncoding = 4; lastKnownFileType = sourcecode.swift; path = OnboardingViewDelegate.swift; sourceTree = "<group>"; };
		044DE4A51D2DE21F00968E90 /* PageControlView.swift */ = {isa = PBXFileReference; fileEncoding = 4; lastKnownFileType = sourcecode.swift; path = PageControlView.swift; sourceTree = "<group>"; };
		044DE4A61D2DE21F00968E90 /* PageItemView.swift */ = {isa = PBXFileReference; fileEncoding = 4; lastKnownFileType = sourcecode.swift; path = PageItemView.swift; sourceTree = "<group>"; };
		044DE4A71D2DE21F00968E90 /* PageView.swift */ = {isa = PBXFileReference; fileEncoding = 4; lastKnownFileType = sourcecode.swift; path = PageView.swift; sourceTree = "<group>"; };
		044DE4B11D2DE25500968E90 /* CGRect.swift */ = {isa = PBXFileReference; fileEncoding = 4; lastKnownFileType = sourcecode.swift; path = CGRect.swift; sourceTree = "<group>"; };
		04ED1B4E1D2DE0850027C2E0 /* Athlee-Onboarding.app */ = {isa = PBXFileReference; explicitFileType = wrapper.application; includeInIndex = 0; path = "Athlee-Onboarding.app"; sourceTree = BUILT_PRODUCTS_DIR; };
		04ED1B511D2DE0850027C2E0 /* AppDelegate.swift */ = {isa = PBXFileReference; lastKnownFileType = sourcecode.swift; path = AppDelegate.swift; sourceTree = "<group>"; };
		04ED1B561D2DE0850027C2E0 /* Base */ = {isa = PBXFileReference; lastKnownFileType = file.storyboard; name = Base; path = Base.lproj/Main.storyboard; sourceTree = "<group>"; };
		04ED1B5B1D2DE0850027C2E0 /* Base */ = {isa = PBXFileReference; lastKnownFileType = file.storyboard; name = Base; path = Base.lproj/LaunchScreen.storyboard; sourceTree = "<group>"; };
		04ED1B5D1D2DE0850027C2E0 /* Info.plist */ = {isa = PBXFileReference; lastKnownFileType = text.plist.xml; path = Info.plist; sourceTree = "<group>"; };
		04ED1B621D2DE0850027C2E0 /* Athlee-OnboardingTests.xctest */ = {isa = PBXFileReference; explicitFileType = wrapper.cfbundle; includeInIndex = 0; path = "Athlee-OnboardingTests.xctest"; sourceTree = BUILT_PRODUCTS_DIR; };
		04ED1B661D2DE0850027C2E0 /* Athlee_OnboardingTests.swift */ = {isa = PBXFileReference; lastKnownFileType = sourcecode.swift; path = Athlee_OnboardingTests.swift; sourceTree = "<group>"; };
		04ED1B681D2DE0860027C2E0 /* Info.plist */ = {isa = PBXFileReference; lastKnownFileType = text.plist.xml; path = Info.plist; sourceTree = "<group>"; };
/* End PBXFileReference section */

/* Begin PBXFrameworksBuildPhase section */
		04ED1B4B1D2DE0850027C2E0 /* Frameworks */ = {
			isa = PBXFrameworksBuildPhase;
			buildActionMask = 2147483647;
			files = (
			);
			runOnlyForDeploymentPostprocessing = 0;
		};
		04ED1B5F1D2DE0850027C2E0 /* Frameworks */ = {
			isa = PBXFrameworksBuildPhase;
			buildActionMask = 2147483647;
			files = (
			);
			runOnlyForDeploymentPostprocessing = 0;
		};
/* End PBXFrameworksBuildPhase section */

/* Begin PBXGroup section */
		044DE4A01D2DE21F00968E90 /* Source */ = {
			isa = PBXGroup;
			children = (
				044DE4A11D2DE21F00968E90 /* OnboardingConfiguration.swift */,
				044DE4A21D2DE21F00968E90 /* OnboardingView.swift */,
				044DE4A31D2DE21F00968E90 /* OnboardingViewDataSource.swift */,
				044DE4A41D2DE21F00968E90 /* OnboardingViewDelegate.swift */,
				044DE4A51D2DE21F00968E90 /* PageControlView.swift */,
				044DE4A61D2DE21F00968E90 /* PageItemView.swift */,
				044DE4A71D2DE21F00968E90 /* PageView.swift */,
			);
			name = Source;
			path = ../../Source;
			sourceTree = "<group>";
		};
		044DE4AF1D2DE23400968E90 /* Application */ = {
			isa = PBXGroup;
			children = (
				044DE4B01D2DE24D00968E90 /* Extensions */,
				04ED1B751D2DE0E50027C2E0 /* Support */,
				04ED1B761D2DE0F40027C2E0 /* Assets */,
			);
			name = Application;
			sourceTree = "<group>";
		};
		044DE4B01D2DE24D00968E90 /* Extensions */ = {
			isa = PBXGroup;
			children = (
				044DE4B11D2DE25500968E90 /* CGRect.swift */,
			);
			name = Extensions;
			sourceTree = "<group>";
		};
		04ED1B451D2DE0850027C2E0 = {
			isa = PBXGroup;
			children = (
				044DE4A01D2DE21F00968E90 /* Source */,
				04ED1B501D2DE0850027C2E0 /* Athlee-Onboarding */,
				04ED1B651D2DE0850027C2E0 /* Athlee-OnboardingTests */,
				04ED1B4F1D2DE0850027C2E0 /* Products */,
			);
			sourceTree = "<group>";
		};
		04ED1B4F1D2DE0850027C2E0 /* Products */ = {
			isa = PBXGroup;
			children = (
				04ED1B4E1D2DE0850027C2E0 /* Athlee-Onboarding.app */,
				04ED1B621D2DE0850027C2E0 /* Athlee-OnboardingTests.xctest */,
			);
			name = Products;
			sourceTree = "<group>";
		};
		04ED1B501D2DE0850027C2E0 /* Athlee-Onboarding */ = {
			isa = PBXGroup;
			children = (
				044DE4AF1D2DE23400968E90 /* Application */,
				04ED1B741D2DE0DE0027C2E0 /* Models */,
				04ED1B771D2DE1070027C2E0 /* Views */,
				04ED1B731D2DE0D90027C2E0 /* Controllers */,
				04ED1B511D2DE0850027C2E0 /* AppDelegate.swift */,
			);
			path = "Athlee-Onboarding";
			sourceTree = "<group>";
		};
		04ED1B651D2DE0850027C2E0 /* Athlee-OnboardingTests */ = {
			isa = PBXGroup;
			children = (
				04ED1B661D2DE0850027C2E0 /* Athlee_OnboardingTests.swift */,
				04ED1B681D2DE0860027C2E0 /* Info.plist */,
			);
			path = "Athlee-OnboardingTests";
			sourceTree = "<group>";
		};
		04ED1B731D2DE0D90027C2E0 /* Controllers */ = {
			isa = PBXGroup;
			children = (
				044DE49E1D2DE1BB00968E90 /* OnboardingViewController.swift */,
			);
			name = Controllers;
			sourceTree = "<group>";
		};
		04ED1B741D2DE0DE0027C2E0 /* Models */ = {
			isa = PBXGroup;
			children = (
				044DE49A1D2DE1B400968E90 /* DataModel.swift */,
				044DE49B1D2DE1B400968E90 /* DeviceTarget.swift */,
			);
			name = Models;
			sourceTree = "<group>";
		};
		04ED1B751D2DE0E50027C2E0 /* Support */ = {
			isa = PBXGroup;
			children = (
				04ED1B5D1D2DE0850027C2E0 /* Info.plist */,
			);
			name = Support;
			sourceTree = "<group>";
		};
		04ED1B761D2DE0F40027C2E0 /* Assets */ = {
			isa = PBXGroup;
			children = (
				044DE4981D2DE19300968E90 /* Assets.xcassets */,
			);
			name = Assets;
			sourceTree = "<group>";
		};
		04ED1B771D2DE1070027C2E0 /* Views */ = {
			isa = PBXGroup;
			children = (
				04ED1B781D2DE1220027C2E0 /* Storyboards */,
			);
			name = Views;
			sourceTree = "<group>";
		};
		04ED1B781D2DE1220027C2E0 /* Storyboards */ = {
			isa = PBXGroup;
			children = (
				04ED1B551D2DE0850027C2E0 /* Main.storyboard */,
				04ED1B5A1D2DE0850027C2E0 /* LaunchScreen.storyboard */,
			);
			name = Storyboards;
			sourceTree = "<group>";
		};
/* End PBXGroup section */

/* Begin PBXNativeTarget section */
		04ED1B4D1D2DE0850027C2E0 /* Athlee-Onboarding */ = {
			isa = PBXNativeTarget;
			buildConfigurationList = 04ED1B6B1D2DE0860027C2E0 /* Build configuration list for PBXNativeTarget "Athlee-Onboarding" */;
			buildPhases = (
				04ED1B4A1D2DE0850027C2E0 /* Sources */,
				04ED1B4B1D2DE0850027C2E0 /* Frameworks */,
				04ED1B4C1D2DE0850027C2E0 /* Resources */,
			);
			buildRules = (
			);
			dependencies = (
			);
			name = "Athlee-Onboarding";
			productName = "Athlee-Onboarding";
			productReference = 04ED1B4E1D2DE0850027C2E0 /* Athlee-Onboarding.app */;
			productType = "com.apple.product-type.application";
		};
		04ED1B611D2DE0850027C2E0 /* Athlee-OnboardingTests */ = {
			isa = PBXNativeTarget;
			buildConfigurationList = 04ED1B6E1D2DE0860027C2E0 /* Build configuration list for PBXNativeTarget "Athlee-OnboardingTests" */;
			buildPhases = (
				04ED1B5E1D2DE0850027C2E0 /* Sources */,
				04ED1B5F1D2DE0850027C2E0 /* Frameworks */,
				04ED1B601D2DE0850027C2E0 /* Resources */,
			);
			buildRules = (
			);
			dependencies = (
				04ED1B641D2DE0850027C2E0 /* PBXTargetDependency */,
			);
			name = "Athlee-OnboardingTests";
			productName = "Athlee-OnboardingTests";
			productReference = 04ED1B621D2DE0850027C2E0 /* Athlee-OnboardingTests.xctest */;
			productType = "com.apple.product-type.bundle.unit-test";
		};
/* End PBXNativeTarget section */

/* Begin PBXProject section */
		04ED1B461D2DE0850027C2E0 /* Project object */ = {
			isa = PBXProject;
			attributes = {
				LastSwiftUpdateCheck = 0730;
				LastUpgradeCheck = 0730;
				ORGANIZATIONNAME = Athlee;
				TargetAttributes = {
					04ED1B4D1D2DE0850027C2E0 = {
						CreatedOnToolsVersion = 7.3.1;
					};
					04ED1B611D2DE0850027C2E0 = {
						CreatedOnToolsVersion = 7.3.1;
						TestTargetID = 04ED1B4D1D2DE0850027C2E0;
					};
				};
			};
			buildConfigurationList = 04ED1B491D2DE0850027C2E0 /* Build configuration list for PBXProject "Athlee-Onboarding" */;
			compatibilityVersion = "Xcode 3.2";
			developmentRegion = English;
			hasScannedForEncodings = 0;
			knownRegions = (
				en,
				Base,
			);
			mainGroup = 04ED1B451D2DE0850027C2E0;
			productRefGroup = 04ED1B4F1D2DE0850027C2E0 /* Products */;
			projectDirPath = "";
			projectRoot = "";
			targets = (
				04ED1B4D1D2DE0850027C2E0 /* Athlee-Onboarding */,
				04ED1B611D2DE0850027C2E0 /* Athlee-OnboardingTests */,
			);
		};
/* End PBXProject section */

/* Begin PBXResourcesBuildPhase section */
		04ED1B4C1D2DE0850027C2E0 /* Resources */ = {
			isa = PBXResourcesBuildPhase;
			buildActionMask = 2147483647;
			files = (
				04ED1B5C1D2DE0850027C2E0 /* LaunchScreen.storyboard in Resources */,
				04ED1B571D2DE0850027C2E0 /* Main.storyboard in Resources */,
				044DE4991D2DE19300968E90 /* Assets.xcassets in Resources */,
			);
			runOnlyForDeploymentPostprocessing = 0;
		};
		04ED1B601D2DE0850027C2E0 /* Resources */ = {
			isa = PBXResourcesBuildPhase;
			buildActionMask = 2147483647;
			files = (
			);
			runOnlyForDeploymentPostprocessing = 0;
		};
/* End PBXResourcesBuildPhase section */

/* Begin PBXSourcesBuildPhase section */
		04ED1B4A1D2DE0850027C2E0 /* Sources */ = {
			isa = PBXSourcesBuildPhase;
			buildActionMask = 2147483647;
			files = (
				044DE4AB1D2DE21F00968E90 /* OnboardingViewDelegate.swift in Sources */,
				04ED1B521D2DE0850027C2E0 /* AppDelegate.swift in Sources */,
				044DE49D1D2DE1B400968E90 /* DeviceTarget.swift in Sources */,
				044DE49C1D2DE1B400968E90 /* DataModel.swift in Sources */,
				044DE4A91D2DE21F00968E90 /* OnboardingView.swift in Sources */,
				044DE49F1D2DE1BB00968E90 /* OnboardingViewController.swift in Sources */,
				044DE4A81D2DE21F00968E90 /* OnboardingConfiguration.swift in Sources */,
				044DE4B21D2DE25500968E90 /* CGRect.swift in Sources */,
				044DE4AA1D2DE21F00968E90 /* OnboardingViewDataSource.swift in Sources */,
				044DE4AE1D2DE21F00968E90 /* PageView.swift in Sources */,
				044DE4AD1D2DE21F00968E90 /* PageItemView.swift in Sources */,
				044DE4AC1D2DE21F00968E90 /* PageControlView.swift in Sources */,
			);
			runOnlyForDeploymentPostprocessing = 0;
		};
		04ED1B5E1D2DE0850027C2E0 /* Sources */ = {
			isa = PBXSourcesBuildPhase;
			buildActionMask = 2147483647;
			files = (
				04ED1B671D2DE0860027C2E0 /* Athlee_OnboardingTests.swift in Sources */,
			);
			runOnlyForDeploymentPostprocessing = 0;
		};
/* End PBXSourcesBuildPhase section */

/* Begin PBXTargetDependency section */
		04ED1B641D2DE0850027C2E0 /* PBXTargetDependency */ = {
			isa = PBXTargetDependency;
			target = 04ED1B4D1D2DE0850027C2E0 /* Athlee-Onboarding */;
			targetProxy = 04ED1B631D2DE0850027C2E0 /* PBXContainerItemProxy */;
		};
/* End PBXTargetDependency section */

/* Begin PBXVariantGroup section */
		04ED1B551D2DE0850027C2E0 /* Main.storyboard */ = {
			isa = PBXVariantGroup;
			children = (
				04ED1B561D2DE0850027C2E0 /* Base */,
			);
			name = Main.storyboard;
			sourceTree = "<group>";
		};
		04ED1B5A1D2DE0850027C2E0 /* LaunchScreen.storyboard */ = {
			isa = PBXVariantGroup;
			children = (
				04ED1B5B1D2DE0850027C2E0 /* Base */,
			);
			name = LaunchScreen.storyboard;
			sourceTree = "<group>";
		};
/* End PBXVariantGroup section */

/* Begin XCBuildConfiguration section */
		04ED1B691D2DE0860027C2E0 /* Debug */ = {
			isa = XCBuildConfiguration;
			buildSettings = {
				ALWAYS_SEARCH_USER_PATHS = NO;
				CLANG_ANALYZER_NONNULL = YES;
				CLANG_CXX_LANGUAGE_STANDARD = "gnu++0x";
				CLANG_CXX_LIBRARY = "libc++";
				CLANG_ENABLE_MODULES = YES;
				CLANG_ENABLE_OBJC_ARC = YES;
				CLANG_WARN_BOOL_CONVERSION = YES;
				CLANG_WARN_CONSTANT_CONVERSION = YES;
				CLANG_WARN_DIRECT_OBJC_ISA_USAGE = YES_ERROR;
				CLANG_WARN_EMPTY_BODY = YES;
				CLANG_WARN_ENUM_CONVERSION = YES;
				CLANG_WARN_INT_CONVERSION = YES;
				CLANG_WARN_OBJC_ROOT_CLASS = YES_ERROR;
				CLANG_WARN_UNREACHABLE_CODE = YES;
				CLANG_WARN__DUPLICATE_METHOD_MATCH = YES;
				"CODE_SIGN_IDENTITY[sdk=iphoneos*]" = "iPhone Developer";
				COPY_PHASE_STRIP = NO;
				DEBUG_INFORMATION_FORMAT = dwarf;
				ENABLE_STRICT_OBJC_MSGSEND = YES;
				ENABLE_TESTABILITY = YES;
				GCC_C_LANGUAGE_STANDARD = gnu99;
				GCC_DYNAMIC_NO_PIC = NO;
				GCC_NO_COMMON_BLOCKS = YES;
				GCC_OPTIMIZATION_LEVEL = 0;
				GCC_PREPROCESSOR_DEFINITIONS = (
					"DEBUG=1",
					"$(inherited)",
				);
				GCC_WARN_64_TO_32_BIT_CONVERSION = YES;
				GCC_WARN_ABOUT_RETURN_TYPE = YES_ERROR;
				GCC_WARN_UNDECLARED_SELECTOR = YES;
				GCC_WARN_UNINITIALIZED_AUTOS = YES_AGGRESSIVE;
				GCC_WARN_UNUSED_FUNCTION = YES;
				GCC_WARN_UNUSED_VARIABLE = YES;
				IPHONEOS_DEPLOYMENT_TARGET = 9.3;
				MTL_ENABLE_DEBUG_INFO = YES;
				ONLY_ACTIVE_ARCH = YES;
				SDKROOT = iphoneos;
				SWIFT_OPTIMIZATION_LEVEL = "-Onone";
			};
			name = Debug;
		};
		04ED1B6A1D2DE0860027C2E0 /* Release */ = {
			isa = XCBuildConfiguration;
			buildSettings = {
				ALWAYS_SEARCH_USER_PATHS = NO;
				CLANG_ANALYZER_NONNULL = YES;
				CLANG_CXX_LANGUAGE_STANDARD = "gnu++0x";
				CLANG_CXX_LIBRARY = "libc++";
				CLANG_ENABLE_MODULES = YES;
				CLANG_ENABLE_OBJC_ARC = YES;
				CLANG_WARN_BOOL_CONVERSION = YES;
				CLANG_WARN_CONSTANT_CONVERSION = YES;
				CLANG_WARN_DIRECT_OBJC_ISA_USAGE = YES_ERROR;
				CLANG_WARN_EMPTY_BODY = YES;
				CLANG_WARN_ENUM_CONVERSION = YES;
				CLANG_WARN_INT_CONVERSION = YES;
				CLANG_WARN_OBJC_ROOT_CLASS = YES_ERROR;
				CLANG_WARN_UNREACHABLE_CODE = YES;
				CLANG_WARN__DUPLICATE_METHOD_MATCH = YES;
				"CODE_SIGN_IDENTITY[sdk=iphoneos*]" = "iPhone Developer";
				COPY_PHASE_STRIP = NO;
				DEBUG_INFORMATION_FORMAT = "dwarf-with-dsym";
				ENABLE_NS_ASSERTIONS = NO;
				ENABLE_STRICT_OBJC_MSGSEND = YES;
				GCC_C_LANGUAGE_STANDARD = gnu99;
				GCC_NO_COMMON_BLOCKS = YES;
				GCC_WARN_64_TO_32_BIT_CONVERSION = YES;
				GCC_WARN_ABOUT_RETURN_TYPE = YES_ERROR;
				GCC_WARN_UNDECLARED_SELECTOR = YES;
				GCC_WARN_UNINITIALIZED_AUTOS = YES_AGGRESSIVE;
				GCC_WARN_UNUSED_FUNCTION = YES;
				GCC_WARN_UNUSED_VARIABLE = YES;
				IPHONEOS_DEPLOYMENT_TARGET = 9.3;
				MTL_ENABLE_DEBUG_INFO = NO;
				SDKROOT = iphoneos;
				VALIDATE_PRODUCT = YES;
			};
			name = Release;
		};
		04ED1B6C1D2DE0860027C2E0 /* Debug */ = {
			isa = XCBuildConfiguration;
			buildSettings = {
				ASSETCATALOG_COMPILER_APPICON_NAME = AppIcon;
				INFOPLIST_FILE = "Athlee-Onboarding/Info.plist";
				LD_RUNPATH_SEARCH_PATHS = "$(inherited) @executable_path/Frameworks";
				PRODUCT_BUNDLE_IDENTIFIER = "io.athlee.Athlee-Onboarding";
				PRODUCT_NAME = "$(TARGET_NAME)";
			};
			name = Debug;
		};
		04ED1B6D1D2DE0860027C2E0 /* Release */ = {
			isa = XCBuildConfiguration;
			buildSettings = {
				ASSETCATALOG_COMPILER_APPICON_NAME = AppIcon;
				INFOPLIST_FILE = "Athlee-Onboarding/Info.plist";
				LD_RUNPATH_SEARCH_PATHS = "$(inherited) @executable_path/Frameworks";
				PRODUCT_BUNDLE_IDENTIFIER = "io.athlee.Athlee-Onboarding";
				PRODUCT_NAME = "$(TARGET_NAME)";
			};
			name = Release;
		};
		04ED1B6F1D2DE0860027C2E0 /* Debug */ = {
			isa = XCBuildConfiguration;
			buildSettings = {
				BUNDLE_LOADER = "$(TEST_HOST)";
				INFOPLIST_FILE = "Athlee-OnboardingTests/Info.plist";
				LD_RUNPATH_SEARCH_PATHS = "$(inherited) @executable_path/Frameworks @loader_path/Frameworks";
				PRODUCT_BUNDLE_IDENTIFIER = "io.athlee.Athlee-OnboardingTests";
				PRODUCT_NAME = "$(TARGET_NAME)";
				TEST_HOST = "$(BUILT_PRODUCTS_DIR)/Athlee-Onboarding.app/Athlee-Onboarding";
			};
			name = Debug;
		};
		04ED1B701D2DE0860027C2E0 /* Release */ = {
			isa = XCBuildConfiguration;
			buildSettings = {
				BUNDLE_LOADER = "$(TEST_HOST)";
				INFOPLIST_FILE = "Athlee-OnboardingTests/Info.plist";
				LD_RUNPATH_SEARCH_PATHS = "$(inherited) @executable_path/Frameworks @loader_path/Frameworks";
				PRODUCT_BUNDLE_IDENTIFIER = "io.athlee.Athlee-OnboardingTests";
				PRODUCT_NAME = "$(TARGET_NAME)";
				TEST_HOST = "$(BUILT_PRODUCTS_DIR)/Athlee-Onboarding.app/Athlee-Onboarding";
			};
			name = Release;
		};
/* End XCBuildConfiguration section */

/* Begin XCConfigurationList section */
		04ED1B491D2DE0850027C2E0 /* Build configuration list for PBXProject "Athlee-Onboarding" */ = {
			isa = XCConfigurationList;
			buildConfigurations = (
				04ED1B691D2DE0860027C2E0 /* Debug */,
				04ED1B6A1D2DE0860027C2E0 /* Release */,
			);
			defaultConfigurationIsVisible = 0;
			defaultConfigurationName = Release;
		};
		04ED1B6B1D2DE0860027C2E0 /* Build configuration list for PBXNativeTarget "Athlee-Onboarding" */ = {
			isa = XCConfigurationList;
			buildConfigurations = (
				04ED1B6C1D2DE0860027C2E0 /* Debug */,
				04ED1B6D1D2DE0860027C2E0 /* Release */,
			);
			defaultConfigurationIsVisible = 0;
			defaultConfigurationName = Release;
		};
		04ED1B6E1D2DE0860027C2E0 /* Build configuration list for PBXNativeTarget "Athlee-OnboardingTests" */ = {
			isa = XCConfigurationList;
			buildConfigurations = (
				04ED1B6F1D2DE0860027C2E0 /* Debug */,
				04ED1B701D2DE0860027C2E0 /* Release */,
			);
			defaultConfigurationIsVisible = 0;
			defaultConfigurationName = Release;
		};
/* End XCConfigurationList section */
	};
	rootObject = 04ED1B461D2DE0850027C2E0 /* Project object */;
}
