PODS:
  - OnboardingKit (0.0.2):
    - TZStackView
  - TZStackView (1.2.0)

DEPENDENCIES:
  - OnboardingKit (from `../../`)

EXTERNAL SOURCES:
  OnboardingKit:
    :path: ../../

SPEC CHECKSUMS:
  OnboardingKit: c37eb2110ca3d8f40fc2ad78e54965b04216a66c
  TZStackView: 4b82373b4aabe4d99adf739a34e1bc6755149272

PODFILE CHECKSUM: 4428256f7d1d2fab9e9f0fbe4e8ec9cda004ba00

COCOAPODS: 1.0.1
